
Microsoft Visual Studio Solution File, Format Version 12.00
# Visual Studio Version 16
VisualStudioVersion = 16.0.32106.194
MinimumVisualStudioVersion = 10.0.40219.1
Project("{FAE04EC0-301F-11D3-BF4B-00C04F79EFBC}") = "TestProject1", "TestProject1\TestProject1.csproj", "{1F12253C-E6F6-4C7B-BFC6-0E37F395EB66}"
EndProject
Global
	GlobalSection(SolutionConfigurationPlatforms) = preSolution
		Debug|Any CPU = Debug|Any CPU
		Release|Any CPU = Release|Any CPU
	EndGlobalSection
	GlobalSection(ProjectConfigurationPlatforms) = postSolution
		{1F12253C-E6F6-4C7B-BFC6-0E37F395EB66}.Debug|Any CPU.ActiveCfg = Debug|Any CPU
		{1F12253C-E6F6-4C7B-BFC6-0E37F395EB66}.Debug|Any CPU.Build.0 = Debug|Any CPU
		{1F12253C-E6F6-4C7B-BFC6-0E37F395EB66}.Release|Any CPU.ActiveCfg = Release|Any CPU
		{1F12253C-E6F6-4C7B-BFC6-0E37F395EB66}.Release|Any CPU.Build.0 = Release|Any CPU
	EndGlobalSection
	GlobalSection(SolutionProperties) = preSolution
		HideSolutionNode = FALSE
	EndGlobalSection
	GlobalSection(ExtensibilityGlobals) = postSolution
		SolutionGuid = {11D05B2A-2498-420C-B788-6C4977323FA4}
	EndGlobalSection
EndGlobal
